{
  "name": "linter-ui-plus",
  "version": "0.3.2",
  "lockfileVersion": 1,
  "requires": true,
  "dependencies": {
    "atom-babel6-transpiler": {
      "version": "1.1.1",
      "resolved": "https://registry.npmjs.org/atom-babel6-transpiler/-/atom-babel6-transpiler-1.1.1.tgz",
      "integrity": "sha1-y32Rl5sNz+TfIbJKtTiL0hn/IXQ="
    },
    "babel-eslint": {
      "version": "7.2.3",
      "resolved": "https://registry.npmjs.org/babel-eslint/-/babel-eslint-7.2.3.tgz",
      "integrity": "sha1-sv4tgBJkcPXBlELcdXJTqJdxCCc=",
      "dev": true
    },
    "babel-generator": {
      "version": "6.25.0",
      "resolved": "https://registry.npmjs.org/babel-generator/-/babel-generator-6.25.0.tgz",
      "integrity": "sha1-M6GvcNXyiQrrRlpKd5PB32qeqfw="
    },
    "babel-plugin-chai-assert-async": {
      "version": "0.1.0",
      "resolved": "https://registry.npmjs.org/babel-plugin-chai-assert-async/-/babel-plugin-chai-assert-async-0.1.0.tgz",
      "integrity": "sha512-7z/7GQpUtVRjSFnM6qQ46gJyuprYW5bQHW47Ofia9ge2w6LEYkjo2m80SpTQqMdWYxi/I/Q8gN6nXNR0k36C0w=="
    },
    "babel-plugin-transform-async-to-generator": {
      "version": "6.24.1",
      "resolved": "https://registry.npmjs.org/babel-plugin-transform-async-to-generator/-/babel-plugin-transform-async-to-generator-6.24.1.tgz",
      "integrity": "sha1-ZTbjeK/2yx1VF6wOQOs+n8jQh2E="
    },
    "babel-plugin-transform-class-properties": {
      "version": "6.24.1",
      "resolved": "https://registry.npmjs.org/babel-plugin-transform-class-properties/-/babel-plugin-transform-class-properties-6.24.1.tgz",
      "integrity": "sha1-anl2PqYdM9NvN7YRqp3vgagbRqw="
    },
    "babel-plugin-transform-decorators-legacy": {
      "version": "1.3.4",
      "resolved": "https://registry.npmjs.org/babel-plugin-transform-decorators-legacy/-/babel-plugin-transform-decorators-legacy-1.3.4.tgz",
      "integrity": "sha1-dBtY9sW86eYCfgiC2cmU8E82aSU="
    },
    "babel-plugin-transform-es2015-destructuring": {
      "version": "6.23.0",
      "resolved": "https://registry.npmjs.org/babel-plugin-transform-es2015-destructuring/-/babel-plugin-transform-es2015-destructuring-6.23.0.tgz",
      "integrity": "sha1-mXux8auWf2gtKwh2/jWNYOdlxW0="
    },
    "babel-plugin-transform-es2015-modules-commonjs": {
      "version": "6.24.1",
      "resolved": "https://registry.npmjs.org/babel-plugin-transform-es2015-modules-commonjs/-/babel-plugin-transform-es2015-modules-commonjs-6.24.1.tgz",
      "integrity": "sha1-0+MQtA72ZKNmIiAAl8bUQCmPK/4="
    },
    "babel-plugin-transform-es2015-parameters": {
      "version": "6.24.1",
      "resolved": "https://registry.npmjs.org/babel-plugin-transform-es2015-parameters/-/babel-plugin-transform-es2015-parameters-6.24.1.tgz",
      "integrity": "sha1-V6w1GrScrxSpfNE7CfZv3wpiXys="
    },
    "babel-plugin-transform-object-rest-spread": {
      "version": "6.23.0",
      "resolved": "https://registry.npmjs.org/babel-plugin-transform-object-rest-spread/-/babel-plugin-transform-object-rest-spread-6.23.0.tgz",
      "integrity": "sha1-h11ryb52HFiirj/u5dxIldjH+SE="
    },
    "babel-preset-react": {
      "version": "6.24.1",
      "resolved": "https://registry.npmjs.org/babel-preset-react/-/babel-preset-react-6.24.1.tgz",
      "integrity": "sha1-umnfrqRfw+xjm2pOzqbhdwLJE4A="
    },
    "classnames": {
      "version": "2.2.5",
      "resolved": "https://registry.npmjs.org/classnames/-/classnames-2.2.5.tgz",
      "integrity": "sha1-+zgB1FNGdknvNgPH1hoCvRKb3m0="
    },
    "eslint": {
      "version": "4.2.0",
      "resolved": "https://registry.npmjs.org/eslint/-/eslint-4.2.0.tgz",
      "integrity": "sha1-orMYQRGxmOAunH88ymJaXgHFaz0=",
      "dev": true,
      "dependencies": {
        "ajv": {
          "version": "5.2.1",
          "resolved": "https://registry.npmjs.org/ajv/-/ajv-5.2.1.tgz",
          "integrity": "sha1-3NAwRRdYg7obY25a6ew9+auFMjo="
        }
      }
    },
    "eslint-config-standard": {
      "version": "10.2.1",
      "resolved": "https://registry.npmjs.org/eslint-config-standard/-/eslint-config-standard-10.2.1.tgz",
      "integrity": "sha1-wGHk0GbzedwXzVYsZOgZtN1FRZE=",
      "dev": true
    },
    "eslint-plugin-flowtype": {
      "version": "2.34.1",
      "resolved": "https://registry.npmjs.org/eslint-plugin-flowtype/-/eslint-plugin-flowtype-2.34.1.tgz",
      "integrity": "sha512-xwXpTW7Xv+wfuQdfPILmFl9HWBdWbDjE1aZWWQ4EgCpQtMzymEkDQfyD1ME0VA8C0HTXV7cufypQRvLi+Hk/og==",
      "dev": true
    },
    "eslint-plugin-import": {
      "version": "2.7.0",
      "resolved": "https://registry.npmjs.org/eslint-plugin-import/-/eslint-plugin-import-2.7.0.tgz",
      "integrity": "sha512-HGYmpU9f/zJaQiKNQOVfHUh2oLWW3STBrCgH0sHTX1xtsxYlH1zjLh8FlQGEIdZSdTbUMaV36WaZ6ImXkenGxQ==",
      "dev": true,
      "dependencies": {
        "doctrine": {
          "version": "1.5.0",
          "resolved": "https://registry.npmjs.org/doctrine/-/doctrine-1.5.0.tgz",
          "integrity": "sha1-N53Ocw9hZvds76TmcHoVmwLFpvo="
        }
      }
    },
    "eslint-plugin-node": {
      "version": "5.1.0",
      "resolved": "https://registry.npmjs.org/eslint-plugin-node/-/eslint-plugin-node-5.1.0.tgz",
      "integrity": "sha512-MzAAnEfNOl6g871VgjKswHkyG+bqsXX2//SWXwNkyREvWAPUoU8X6ZvcrambHEGecUIbE0pAVPzzfKU/p9H5lg==",
      "dev": true
    },
    "eslint-plugin-promise": {
      "version": "3.5.0",
      "resolved": "https://registry.npmjs.org/eslint-plugin-promise/-/eslint-plugin-promise-3.5.0.tgz",
      "integrity": "sha1-ePu2/+BHIBYnVp6FpsU3OvKmj8o=",
      "dev": true
    },
    "eslint-plugin-react": {
      "version": "7.1.0",
      "resolved": "https://registry.npmjs.org/eslint-plugin-react/-/eslint-plugin-react-7.1.0.tgz",
      "integrity": "sha1-J3cKzzn1/UnNCvQIPOWBBOs5DUw=",
      "dev": true
    },
    "eslint-plugin-standard": {
      "version": "3.0.1",
      "resolved": "https://registry.npmjs.org/eslint-plugin-standard/-/eslint-plugin-standard-3.0.1.tgz",
      "integrity": "sha1-NNDJFbRe3G8BA5PH7vOCOwhWXPI=",
      "dev": true
    },
    "etch": {
      "version": "0.12.5",
      "resolved": "https://registry.npmjs.org/etch/-/etch-0.12.5.tgz",
      "integrity": "sha1-DTnwoSAAdcVeweOSW+tiwCHPfpc="
    },
    "import-lazy": {
      "version": "3.0.0",
      "resolved": "https://registry.npmjs.org/import-lazy/-/import-lazy-3.0.0.tgz",
      "integrity": "sha1-qsnSMN0HMJe6BcNLw5uLA8WGwGQ="
    },
    "marked": {
      "version": "4.0.10",
      "resolved": "https://registry.npmjs.org/marked/-/marked-4.0.10.tgz",
      "integrity": "sha512-+QvuFj0nGgO970fySghXGmuw+Fd0gD2x3+MqCWLIPf5oxdv1Ka6b2q+z9RP01P/IaKPMEramy+7cNy/Lw8c3hw=="
    }
  }
}
